
Microsoft Visual Studio Solution File, Format Version 12.00
# Visual Studio Version 17
VisualStudioVersion = 17.8.34525.116
MinimumVisualStudioVersion = 10.0.40219.1
Project("{FAE04EC0-301F-11D3-BF4B-00C04F79EFBC}") = "MarkdownNotepad", "MarkdownNotepad\MarkdownNotepad.csproj", "{C8C5CC31-80C9-434B-953D-AE5D18402B13}"
EndProject
Global
	GlobalSection(SolutionConfigurationPlatforms) = preSolution
		Debug|Any CPU = Debug|Any CPU
		Release|Any CPU = Release|Any CPU
	EndGlobalSection
	GlobalSection(ProjectConfigurationPlatforms) = postSolution
		{C8C5CC31-80C9-434B-953D-AE5D18402B13}.Debug|Any CPU.ActiveCfg = Debug|Any CPU
		{C8C5CC31-80C9-434B-953D-AE5D18402B13}.Debug|Any CPU.Build.0 = Debug|Any CPU
		{C8C5CC31-80C9-434B-953D-AE5D18402B13}.Release|Any CPU.ActiveCfg = Release|Any CPU
		{C8C5CC31-80C9-434B-953D-AE5D18402B13}.Release|Any CPU.Build.0 = Release|Any CPU
	EndGlobalSection
	GlobalSection(SolutionProperties) = preSolution
		HideSolutionNode = FALSE
	EndGlobalSection
	GlobalSection(ExtensibilityGlobals) = postSolution
		SolutionGuid = {68888DB0-B412-4BDE-839C-8476AB80C569}
	EndGlobalSection
EndGlobal
